
Microsoft Visual Studio Solution File, Format Version 12.00
# Visual Studio 2013
VisualStudioVersion = 12.0.21005.1
MinimumVisualStudioVersion = 10.0.40219.1
Project("{FAE04EC0-301F-11D3-BF4B-00C04F79EFBC}") = "pj3", "ThiCuoiKi\pj3.csproj", "{386B9425-41F7-4A7E-9AEA-F6E47AE54652}"
EndProject
Global
	GlobalSection(SolutionConfigurationPlatforms) = preSolution
		Debug|Any CPU = Debug|Any CPU
		Release|Any CPU = Release|Any CPU
	EndGlobalSection
	GlobalSection(ProjectConfigurationPlatforms) = postSolution
		{386B9425-41F7-4A7E-9AEA-F6E47AE54652}.Debug|Any CPU.ActiveCfg = Debug|Any CPU
		{386B9425-41F7-4A7E-9AEA-F6E47AE54652}.Debug|Any CPU.Build.0 = Debug|Any CPU
		{386B9425-41F7-4A7E-9AEA-F6E47AE54652}.Release|Any CPU.ActiveCfg = Release|Any CPU
		{386B9425-41F7-4A7E-9AEA-F6E47AE54652}.Release|Any CPU.Build.0 = Release|Any CPU
	EndGlobalSection
	GlobalSection(SolutionProperties) = preSolution
		HideSolutionNode = FALSE
	EndGlobalSection
EndGlobal
